
Microsoft Visual Studio Solution File, Format Version 12.00
# Visual Studio 2013
VisualStudioVersion = 12.0.21005.1
MinimumVisualStudioVersion = 10.0.40219.1
Project("{FAE04EC0-301F-11D3-BF4B-00C04F79EFBC}") = "BTL_QUANLYTHUVIEN", "BTL_QUANLYTHUVIEN\BTL_QUANLYTHUVIEN.csproj", "{A08C069A-C231-437E-959C-EE57C8096256}"
EndProject
Project("{FAE04EC0-301F-11D3-BF4B-00C04F79EFBC}") = "BUS", "BUS\BUS.csproj", "{205B0F32-74F5-42BF-BD66-E38C0F77D192}"
EndProject
Project("{FAE04EC0-301F-11D3-BF4B-00C04F79EFBC}") = "DAO", "DAO\DAO.csproj", "{9A276DB5-0B8A-4BB8-9569-EDFA0C26CDCC}"
EndProject
Project("{FAE04EC0-301F-11D3-BF4B-00C04F79EFBC}") = "DTO", "DTO\DTO.csproj", "{D41ABC4C-67BE-4D76-BB77-73FEF2717605}"
EndProject
Global
	GlobalSection(SolutionConfigurationPlatforms) = preSolution
		Debug|Any CPU = Debug|Any CPU
		Release|Any CPU = Release|Any CPU
	EndGlobalSection
	GlobalSection(ProjectConfigurationPlatforms) = postSolution
		{A08C069A-C231-437E-959C-EE57C8096256}.Debug|Any CPU.ActiveCfg = Debug|Any CPU
		{A08C069A-C231-437E-959C-EE57C8096256}.Debug|Any CPU.Build.0 = Debug|Any CPU
		{A08C069A-C231-437E-959C-EE57C8096256}.Release|Any CPU.ActiveCfg = Release|Any CPU
		{A08C069A-C231-437E-959C-EE57C8096256}.Release|Any CPU.Build.0 = Release|Any CPU
		{205B0F32-74F5-42BF-BD66-E38C0F77D192}.Debug|Any CPU.ActiveCfg = Debug|Any CPU
		{205B0F32-74F5-42BF-BD66-E38C0F77D192}.Debug|Any CPU.Build.0 = Debug|Any CPU
		{205B0F32-74F5-42BF-BD66-E38C0F77D192}.Release|Any CPU.ActiveCfg = Release|Any CPU
		{205B0F32-74F5-42BF-BD66-E38C0F77D192}.Release|Any CPU.Build.0 = Release|Any CPU
		{9A276DB5-0B8A-4BB8-9569-EDFA0C26CDCC}.Debug|Any CPU.ActiveCfg = Debug|Any CPU
		{9A276DB5-0B8A-4BB8-9569-EDFA0C26CDCC}.Debug|Any CPU.Build.0 = Debug|Any CPU
		{9A276DB5-0B8A-4BB8-9569-EDFA0C26CDCC}.Release|Any CPU.ActiveCfg = Release|Any CPU
		{9A276DB5-0B8A-4BB8-9569-EDFA0C26CDCC}.Release|Any CPU.Build.0 = Release|Any CPU
		{D41ABC4C-67BE-4D76-BB77-73FEF2717605}.Debug|Any CPU.ActiveCfg = Debug|Any CPU
		{D41ABC4C-67BE-4D76-BB77-73FEF2717605}.Debug|Any CPU.Build.0 = Debug|Any CPU
		{D41ABC4C-67BE-4D76-BB77-73FEF2717605}.Release|Any CPU.ActiveCfg = Release|Any CPU
		{D41ABC4C-67BE-4D76-BB77-73FEF2717605}.Release|Any CPU.Build.0 = Release|Any CPU
	EndGlobalSection
	GlobalSection(SolutionProperties) = preSolution
		HideSolutionNode = FALSE
	EndGlobalSection
EndGlobal
